
Microsoft Visual Studio Solution File, Format Version 12.00
# Visual Studio Version 17
VisualStudioVersion = 17.3.32922.545
MinimumVisualStudioVersion = 10.0.40219.1
Project("{9A19103F-16F7-4668-BE54-9A1E7A4F7556}") = "ConsoleApp123456", "ConsoleApp123456\ConsoleApp123456.csproj", "{FF3C1ED6-9A7C-43B4-BC64-54DE0C82AE65}"
EndProject
Project("{FAE04EC0-301F-11D3-BF4B-00C04F79EFBC}") = "TestProject", "TestProject\TestProject.csproj", "{9456352A-E555-4667-A923-35B415B2FFCD}"
EndProject
Global
	GlobalSection(SolutionConfigurationPlatforms) = preSolution
		Debug|Any CPU = Debug|Any CPU
		Release|Any CPU = Release|Any CPU
	EndGlobalSection
	GlobalSection(ProjectConfigurationPlatforms) = postSolution
		{FF3C1ED6-9A7C-43B4-BC64-54DE0C82AE65}.Debug|Any CPU.ActiveCfg = Debug|Any CPU
		{FF3C1ED6-9A7C-43B4-BC64-54DE0C82AE65}.Debug|Any CPU.Build.0 = Debug|Any CPU
		{FF3C1ED6-9A7C-43B4-BC64-54DE0C82AE65}.Release|Any CPU.ActiveCfg = Release|Any CPU
		{FF3C1ED6-9A7C-43B4-BC64-54DE0C82AE65}.Release|Any CPU.Build.0 = Release|Any CPU
		{9456352A-E555-4667-A923-35B415B2FFCD}.Debug|Any CPU.ActiveCfg = Debug|Any CPU
		{9456352A-E555-4667-A923-35B415B2FFCD}.Debug|Any CPU.Build.0 = Debug|Any CPU
		{9456352A-E555-4667-A923-35B415B2FFCD}.Release|Any CPU.ActiveCfg = Release|Any CPU
		{9456352A-E555-4667-A923-35B415B2FFCD}.Release|Any CPU.Build.0 = Release|Any CPU
	EndGlobalSection
	GlobalSection(SolutionProperties) = preSolution
		HideSolutionNode = FALSE
	EndGlobalSection
	GlobalSection(ExtensibilityGlobals) = postSolution
		SolutionGuid = {CC810F9E-7479-499E-BC09-5872C7C5C018}
	EndGlobalSection
EndGlobal
